
Microsoft Visual Studio Solution File, Format Version 12.00
# Visual Studio 15
VisualStudioVersion = 15.0.28307.572
MinimumVisualStudioVersion = 10.0.40219.1
Project("{FAE04EC0-301F-11D3-BF4B-00C04F79EFBC}") = "MyERPSecondDevTools", "MyERPSecondDevTools\MyERPSecondDevTools.csproj", "{7E58A20A-036B-4B49-83E5-A435E53635E3}"
EndProject
Project("{FAE04EC0-301F-11D3-BF4B-00C04F79EFBC}") = "MyERPSecondDevTools.Model", "MyERPSecondDevTools.Model\MyERPSecondDevTools.Model.csproj", "{31813467-9B17-45A2-8926-86B263709075}"
EndProject
Project("{2150E333-8FDC-42A3-9474-1A3956D46DE8}") = "MyERPSecondDevTools.Decompiler", "MyERPSecondDevTools.Decompiler", "{0F9A9648-90A7-4605-9191-790CD1672D63}"
EndProject
Project("{FAE04EC0-301F-11D3-BF4B-00C04F79EFBC}") = "MyERPSecondDevTools.Decompiler", "MyERPSecondDevTools.Decompiler\MyERPSecondDevTools.Decompiler\MyERPSecondDevTools.Decompiler.csproj", "{E801B965-400F-4E40-A04E-9EEB5775481E}"
EndProject
Global
	GlobalSection(SolutionConfigurationPlatforms) = preSolution
		Debug|Any CPU = Debug|Any CPU
		Debug|x86 = Debug|x86
		net_2_0_Debug|Any CPU = net_2_0_Debug|Any CPU
		net_2_0_Debug|x86 = net_2_0_Debug|x86
		net_2_0_Release|Any CPU = net_2_0_Release|Any CPU
		net_2_0_Release|x86 = net_2_0_Release|x86
		net_3_5_Debug|Any CPU = net_3_5_Debug|Any CPU
		net_3_5_Debug|x86 = net_3_5_Debug|x86
		net_3_5_Release|Any CPU = net_3_5_Release|Any CPU
		net_3_5_Release|x86 = net_3_5_Release|x86
		net_4_0_Debug|Any CPU = net_4_0_Debug|Any CPU
		net_4_0_Debug|x86 = net_4_0_Debug|x86
		net_4_0_Release|Any CPU = net_4_0_Release|Any CPU
		net_4_0_Release|x86 = net_4_0_Release|x86
		Release|Any CPU = Release|Any CPU
		Release|x86 = Release|x86
		silverlight_Debug|Any CPU = silverlight_Debug|Any CPU
		silverlight_Debug|x86 = silverlight_Debug|x86
		silverlight_Release|Any CPU = silverlight_Release|Any CPU
		silverlight_Release|x86 = silverlight_Release|x86
		winphone_Debug|Any CPU = winphone_Debug|Any CPU
		winphone_Debug|x86 = winphone_Debug|x86
		winphone_Release|Any CPU = winphone_Release|Any CPU
		winphone_Release|x86 = winphone_Release|x86
	EndGlobalSection
	GlobalSection(ProjectConfigurationPlatforms) = postSolution
		{7E58A20A-036B-4B49-83E5-A435E53635E3}.Debug|Any CPU.ActiveCfg = Debug|Any CPU
		{7E58A20A-036B-4B49-83E5-A435E53635E3}.Debug|Any CPU.Build.0 = Debug|Any CPU
		{7E58A20A-036B-4B49-83E5-A435E53635E3}.Debug|x86.ActiveCfg = Debug|Any CPU
		{7E58A20A-036B-4B49-83E5-A435E53635E3}.Debug|x86.Build.0 = Debug|Any CPU
		{7E58A20A-036B-4B49-83E5-A435E53635E3}.net_2_0_Debug|Any CPU.ActiveCfg = Debug|Any CPU
		{7E58A20A-036B-4B49-83E5-A435E53635E3}.net_2_0_Debug|Any CPU.Build.0 = Debug|Any CPU
		{7E58A20A-036B-4B49-83E5-A435E53635E3}.net_2_0_Debug|x86.ActiveCfg = Debug|Any CPU
		{7E58A20A-036B-4B49-83E5-A435E53635E3}.net_2_0_Debug|x86.Build.0 = Debug|Any CPU
		{7E58A20A-036B-4B49-83E5-A435E53635E3}.net_2_0_Release|Any CPU.ActiveCfg = Release|Any CPU
		{7E58A20A-036B-4B49-83E5-A435E53635E3}.net_2_0_Release|Any CPU.Build.0 = Release|Any CPU
		{7E58A20A-036B-4B49-83E5-A435E53635E3}.net_2_0_Release|x86.ActiveCfg = Release|Any CPU
		{7E58A20A-036B-4B49-83E5-A435E53635E3}.net_2_0_Release|x86.Build.0 = Release|Any CPU
		{7E58A20A-036B-4B49-83E5-A435E53635E3}.net_3_5_Debug|Any CPU.ActiveCfg = Debug|Any CPU
		{7E58A20A-036B-4B49-83E5-A435E53635E3}.net_3_5_Debug|Any CPU.Build.0 = Debug|Any CPU
		{7E58A20A-036B-4B49-83E5-A435E53635E3}.net_3_5_Debug|x86.ActiveCfg = Debug|Any CPU
		{7E58A20A-036B-4B49-83E5-A435E53635E3}.net_3_5_Debug|x86.Build.0 = Debug|Any CPU
		{7E58A20A-036B-4B49-83E5-A435E53635E3}.net_3_5_Release|Any CPU.ActiveCfg = Release|Any CPU
		{7E58A20A-036B-4B49-83E5-A435E53635E3}.net_3_5_Release|Any CPU.Build.0 = Release|Any CPU
		{7E58A20A-036B-4B49-83E5-A435E53635E3}.net_3_5_Release|x86.ActiveCfg = Release|Any CPU
		{7E58A20A-036B-4B49-83E5-A435E53635E3}.net_3_5_Release|x86.Build.0 = Release|Any CPU
		{7E58A20A-036B-4B49-83E5-A435E53635E3}.net_4_0_Debug|Any CPU.ActiveCfg = Debug|Any CPU
		{7E58A20A-036B-4B49-83E5-A435E53635E3}.net_4_0_Debug|Any CPU.Build.0 = Debug|Any CPU
		{7E58A20A-036B-4B49-83E5-A435E53635E3}.net_4_0_Debug|x86.ActiveCfg = Debug|Any CPU
		{7E58A20A-036B-4B49-83E5-A435E53635E3}.net_4_0_Debug|x86.Build.0 = Debug|Any CPU
		{7E58A20A-036B-4B49-83E5-A435E53635E3}.net_4_0_Release|Any CPU.ActiveCfg = Release|Any CPU
		{7E58A20A-036B-4B49-83E5-A435E53635E3}.net_4_0_Release|Any CPU.Build.0 = Release|Any CPU
		{7E58A20A-036B-4B49-83E5-A435E53635E3}.net_4_0_Release|x86.ActiveCfg = Release|Any CPU
		{7E58A20A-036B-4B49-83E5-A435E53635E3}.net_4_0_Release|x86.Build.0 = Release|Any CPU
		{7E58A20A-036B-4B49-83E5-A435E53635E3}.Release|Any CPU.ActiveCfg = Release|Any CPU
		{7E58A20A-036B-4B49-83E5-A435E53635E3}.Release|Any CPU.Build.0 = Release|Any CPU
		{7E58A20A-036B-4B49-83E5-A435E53635E3}.Release|x86.ActiveCfg = Release|Any CPU
		{7E58A20A-036B-4B49-83E5-A435E53635E3}.Release|x86.Build.0 = Release|Any CPU
		{7E58A20A-036B-4B49-83E5-A435E53635E3}.silverlight_Debug|Any CPU.ActiveCfg = Debug|Any CPU
		{7E58A20A-036B-4B49-83E5-A435E53635E3}.silverlight_Debug|Any CPU.Build.0 = Debug|Any CPU
		{7E58A20A-036B-4B49-83E5-A435E53635E3}.silverlight_Debug|x86.ActiveCfg = Debug|Any CPU
		{7E58A20A-036B-4B49-83E5-A435E53635E3}.silverlight_Debug|x86.Build.0 = Debug|Any CPU
		{7E58A20A-036B-4B49-83E5-A435E53635E3}.silverlight_Release|Any CPU.ActiveCfg = Release|Any CPU
		{7E58A20A-036B-4B49-83E5-A435E53635E3}.silverlight_Release|Any CPU.Build.0 = Release|Any CPU
		{7E58A20A-036B-4B49-83E5-A435E53635E3}.silverlight_Release|x86.ActiveCfg = Release|Any CPU
		{7E58A20A-036B-4B49-83E5-A435E53635E3}.silverlight_Release|x86.Build.0 = Release|Any CPU
		{7E58A20A-036B-4B49-83E5-A435E53635E3}.winphone_Debug|Any CPU.ActiveCfg = Debug|Any CPU
		{7E58A20A-036B-4B49-83E5-A435E53635E3}.winphone_Debug|Any CPU.Build.0 = Debug|Any CPU
		{7E58A20A-036B-4B49-83E5-A435E53635E3}.winphone_Debug|x86.ActiveCfg = Debug|Any CPU
		{7E58A20A-036B-4B49-83E5-A435E53635E3}.winphone_Debug|x86.Build.0 = Debug|Any CPU
		{7E58A20A-036B-4B49-83E5-A435E53635E3}.winphone_Release|Any CPU.ActiveCfg = Release|Any CPU
		{7E58A20A-036B-4B49-83E5-A435E53635E3}.winphone_Release|Any CPU.Build.0 = Release|Any CPU
		{7E58A20A-036B-4B49-83E5-A435E53635E3}.winphone_Release|x86.ActiveCfg = Release|Any CPU
		{7E58A20A-036B-4B49-83E5-A435E53635E3}.winphone_Release|x86.Build.0 = Release|Any CPU
		{31813467-9B17-45A2-8926-86B263709075}.Debug|Any CPU.ActiveCfg = Debug|Any CPU
		{31813467-9B17-45A2-8926-86B263709075}.Debug|Any CPU.Build.0 = Debug|Any CPU
		{31813467-9B17-45A2-8926-86B263709075}.Debug|x86.ActiveCfg = Debug|Any CPU
		{31813467-9B17-45A2-8926-86B263709075}.Debug|x86.Build.0 = Debug|Any CPU
		{31813467-9B17-45A2-8926-86B263709075}.net_2_0_Debug|Any CPU.ActiveCfg = Debug|Any CPU
		{31813467-9B17-45A2-8926-86B263709075}.net_2_0_Debug|Any CPU.Build.0 = Debug|Any CPU
		{31813467-9B17-45A2-8926-86B263709075}.net_2_0_Debug|x86.ActiveCfg = Debug|Any CPU
		{31813467-9B17-45A2-8926-86B263709075}.net_2_0_Debug|x86.Build.0 = Debug|Any CPU
		{31813467-9B17-45A2-8926-86B263709075}.net_2_0_Release|Any CPU.ActiveCfg = Release|Any CPU
		{31813467-9B17-45A2-8926-86B263709075}.net_2_0_Release|Any CPU.Build.0 = Release|Any CPU
		{31813467-9B17-45A2-8926-86B263709075}.net_2_0_Release|x86.ActiveCfg = Release|Any CPU
		{31813467-9B17-45A2-8926-86B263709075}.net_2_0_Release|x86.Build.0 = Release|Any CPU
		{31813467-9B17-45A2-8926-86B263709075}.net_3_5_Debug|Any CPU.ActiveCfg = Debug|Any CPU
		{31813467-9B17-45A2-8926-86B263709075}.net_3_5_Debug|Any CPU.Build.0 = Debug|Any CPU
		{31813467-9B17-45A2-8926-86B263709075}.net_3_5_Debug|x86.ActiveCfg = Debug|Any CPU
		{31813467-9B17-45A2-8926-86B263709075}.net_3_5_Debug|x86.Build.0 = Debug|Any CPU
		{31813467-9B17-45A2-8926-86B263709075}.net_3_5_Release|Any CPU.ActiveCfg = Release|Any CPU
		{31813467-9B17-45A2-8926-86B263709075}.net_3_5_Release|Any CPU.Build.0 = Release|Any CPU
		{31813467-9B17-45A2-8926-86B263709075}.net_3_5_Release|x86.ActiveCfg = Release|Any CPU
		{31813467-9B17-45A2-8926-86B263709075}.net_3_5_Release|x86.Build.0 = Release|Any CPU
		{31813467-9B17-45A2-8926-86B263709075}.net_4_0_Debug|Any CPU.ActiveCfg = Debug|Any CPU
		{31813467-9B17-45A2-8926-86B263709075}.net_4_0_Debug|Any CPU.Build.0 = Debug|Any CPU
		{31813467-9B17-45A2-8926-86B263709075}.net_4_0_Debug|x86.ActiveCfg = Debug|Any CPU
		{31813467-9B17-45A2-8926-86B263709075}.net_4_0_Debug|x86.Build.0 = Debug|Any CPU
		{31813467-9B17-45A2-8926-86B263709075}.net_4_0_Release|Any CPU.ActiveCfg = Release|Any CPU
		{31813467-9B17-45A2-8926-86B263709075}.net_4_0_Release|Any CPU.Build.0 = Release|Any CPU
		{31813467-9B17-45A2-8926-86B263709075}.net_4_0_Release|x86.ActiveCfg = Release|Any CPU
		{31813467-9B17-45A2-8926-86B263709075}.net_4_0_Release|x86.Build.0 = Release|Any CPU
		{31813467-9B17-45A2-8926-86B263709075}.Release|Any CPU.ActiveCfg = Release|Any CPU
		{31813467-9B17-45A2-8926-86B263709075}.Release|Any CPU.Build.0 = Release|Any CPU
		{31813467-9B17-45A2-8926-86B263709075}.Release|x86.ActiveCfg = Release|Any CPU
		{31813467-9B17-45A2-8926-86B263709075}.Release|x86.Build.0 = Release|Any CPU
		{31813467-9B17-45A2-8926-86B263709075}.silverlight_Debug|Any CPU.ActiveCfg = Debug|Any CPU
		{31813467-9B17-45A2-8926-86B263709075}.silverlight_Debug|Any CPU.Build.0 = Debug|Any CPU
		{31813467-9B17-45A2-8926-86B263709075}.silverlight_Debug|x86.ActiveCfg = Debug|Any CPU
		{31813467-9B17-45A2-8926-86B263709075}.silverlight_Debug|x86.Build.0 = Debug|Any CPU
		{31813467-9B17-45A2-8926-86B263709075}.silverlight_Release|Any CPU.ActiveCfg = Release|Any CPU
		{31813467-9B17-45A2-8926-86B263709075}.silverlight_Release|Any CPU.Build.0 = Release|Any CPU
		{31813467-9B17-45A2-8926-86B263709075}.silverlight_Release|x86.ActiveCfg = Release|Any CPU
		{31813467-9B17-45A2-8926-86B263709075}.silverlight_Release|x86.Build.0 = Release|Any CPU
		{31813467-9B17-45A2-8926-86B263709075}.winphone_Debug|Any CPU.ActiveCfg = Debug|Any CPU
		{31813467-9B17-45A2-8926-86B263709075}.winphone_Debug|Any CPU.Build.0 = Debug|Any CPU
		{31813467-9B17-45A2-8926-86B263709075}.winphone_Debug|x86.ActiveCfg = Debug|Any CPU
		{31813467-9B17-45A2-8926-86B263709075}.winphone_Debug|x86.Build.0 = Debug|Any CPU
		{31813467-9B17-45A2-8926-86B263709075}.winphone_Release|Any CPU.ActiveCfg = Release|Any CPU
		{31813467-9B17-45A2-8926-86B263709075}.winphone_Release|Any CPU.Build.0 = Release|Any CPU
		{31813467-9B17-45A2-8926-86B263709075}.winphone_Release|x86.ActiveCfg = Release|Any CPU
		{31813467-9B17-45A2-8926-86B263709075}.winphone_Release|x86.Build.0 = Release|Any CPU
		{E801B965-400F-4E40-A04E-9EEB5775481E}.Debug|Any CPU.ActiveCfg = Debug|Any CPU
		{E801B965-400F-4E40-A04E-9EEB5775481E}.Debug|Any CPU.Build.0 = Debug|Any CPU
		{E801B965-400F-4E40-A04E-9EEB5775481E}.Debug|x86.ActiveCfg = Debug|Any CPU
		{E801B965-400F-4E40-A04E-9EEB5775481E}.Debug|x86.Build.0 = Debug|Any CPU
		{E801B965-400F-4E40-A04E-9EEB5775481E}.net_2_0_Debug|Any CPU.ActiveCfg = Debug|Any CPU
		{E801B965-400F-4E40-A04E-9EEB5775481E}.net_2_0_Debug|Any CPU.Build.0 = Debug|Any CPU
		{E801B965-400F-4E40-A04E-9EEB5775481E}.net_2_0_Debug|x86.ActiveCfg = Debug|Any CPU
		{E801B965-400F-4E40-A04E-9EEB5775481E}.net_2_0_Debug|x86.Build.0 = Debug|Any CPU
		{E801B965-400F-4E40-A04E-9EEB5775481E}.net_2_0_Release|Any CPU.ActiveCfg = Release|Any CPU
		{E801B965-400F-4E40-A04E-9EEB5775481E}.net_2_0_Release|Any CPU.Build.0 = Release|Any CPU
		{E801B965-400F-4E40-A04E-9EEB5775481E}.net_2_0_Release|x86.ActiveCfg = Release|Any CPU
		{E801B965-400F-4E40-A04E-9EEB5775481E}.net_2_0_Release|x86.Build.0 = Release|Any CPU
		{E801B965-400F-4E40-A04E-9EEB5775481E}.net_3_5_Debug|Any CPU.ActiveCfg = Debug|Any CPU
		{E801B965-400F-4E40-A04E-9EEB5775481E}.net_3_5_Debug|Any CPU.Build.0 = Debug|Any CPU
		{E801B965-400F-4E40-A04E-9EEB5775481E}.net_3_5_Debug|x86.ActiveCfg = Debug|Any CPU
		{E801B965-400F-4E40-A04E-9EEB5775481E}.net_3_5_Debug|x86.Build.0 = Debug|Any CPU
		{E801B965-400F-4E40-A04E-9EEB5775481E}.net_3_5_Release|Any CPU.ActiveCfg = Release|Any CPU
		{E801B965-400F-4E40-A04E-9EEB5775481E}.net_3_5_Release|Any CPU.Build.0 = Release|Any CPU
		{E801B965-400F-4E40-A04E-9EEB5775481E}.net_3_5_Release|x86.ActiveCfg = Release|Any CPU
		{E801B965-400F-4E40-A04E-9EEB5775481E}.net_3_5_Release|x86.Build.0 = Release|Any CPU
		{E801B965-400F-4E40-A04E-9EEB5775481E}.net_4_0_Debug|Any CPU.ActiveCfg = Debug|Any CPU
		{E801B965-400F-4E40-A04E-9EEB5775481E}.net_4_0_Debug|Any CPU.Build.0 = Debug|Any CPU
		{E801B965-400F-4E40-A04E-9EEB5775481E}.net_4_0_Debug|x86.ActiveCfg = Debug|Any CPU
		{E801B965-400F-4E40-A04E-9EEB5775481E}.net_4_0_Debug|x86.Build.0 = Debug|Any CPU
		{E801B965-400F-4E40-A04E-9EEB5775481E}.net_4_0_Release|Any CPU.ActiveCfg = Release|Any CPU
		{E801B965-400F-4E40-A04E-9EEB5775481E}.net_4_0_Release|Any CPU.Build.0 = Release|Any CPU
		{E801B965-400F-4E40-A04E-9EEB5775481E}.net_4_0_Release|x86.ActiveCfg = Release|Any CPU
		{E801B965-400F-4E40-A04E-9EEB5775481E}.net_4_0_Release|x86.Build.0 = Release|Any CPU
		{E801B965-400F-4E40-A04E-9EEB5775481E}.Release|Any CPU.ActiveCfg = Release|Any CPU
		{E801B965-400F-4E40-A04E-9EEB5775481E}.Release|Any CPU.Build.0 = Release|Any CPU
		{E801B965-400F-4E40-A04E-9EEB5775481E}.Release|x86.ActiveCfg = Release|Any CPU
		{E801B965-400F-4E40-A04E-9EEB5775481E}.Release|x86.Build.0 = Release|Any CPU
		{E801B965-400F-4E40-A04E-9EEB5775481E}.silverlight_Debug|Any CPU.ActiveCfg = Debug|Any CPU
		{E801B965-400F-4E40-A04E-9EEB5775481E}.silverlight_Debug|Any CPU.Build.0 = Debug|Any CPU
		{E801B965-400F-4E40-A04E-9EEB5775481E}.silverlight_Debug|x86.ActiveCfg = Debug|Any CPU
		{E801B965-400F-4E40-A04E-9EEB5775481E}.silverlight_Debug|x86.Build.0 = Debug|Any CPU
		{E801B965-400F-4E40-A04E-9EEB5775481E}.silverlight_Release|Any CPU.ActiveCfg = Release|Any CPU
		{E801B965-400F-4E40-A04E-9EEB5775481E}.silverlight_Release|Any CPU.Build.0 = Release|Any CPU
		{E801B965-400F-4E40-A04E-9EEB5775481E}.silverlight_Release|x86.ActiveCfg = Release|Any CPU
		{E801B965-400F-4E40-A04E-9EEB5775481E}.silverlight_Release|x86.Build.0 = Release|Any CPU
		{E801B965-400F-4E40-A04E-9EEB5775481E}.winphone_Debug|Any CPU.ActiveCfg = Debug|Any CPU
		{E801B965-400F-4E40-A04E-9EEB5775481E}.winphone_Debug|Any CPU.Build.0 = Debug|Any CPU
		{E801B965-400F-4E40-A04E-9EEB5775481E}.winphone_Debug|x86.ActiveCfg = Debug|Any CPU
		{E801B965-400F-4E40-A04E-9EEB5775481E}.winphone_Debug|x86.Build.0 = Debug|Any CPU
		{E801B965-400F-4E40-A04E-9EEB5775481E}.winphone_Release|Any CPU.ActiveCfg = Release|Any CPU
		{E801B965-400F-4E40-A04E-9EEB5775481E}.winphone_Release|Any CPU.Build.0 = Release|Any CPU
		{E801B965-400F-4E40-A04E-9EEB5775481E}.winphone_Release|x86.ActiveCfg = Release|Any CPU
		{E801B965-400F-4E40-A04E-9EEB5775481E}.winphone_Release|x86.Build.0 = Release|Any CPU
	EndGlobalSection
	GlobalSection(SolutionProperties) = preSolution
		HideSolutionNode = FALSE
	EndGlobalSection
	GlobalSection(NestedProjects) = preSolution
		{E801B965-400F-4E40-A04E-9EEB5775481E} = {0F9A9648-90A7-4605-9191-790CD1672D63}
	EndGlobalSection
	GlobalSection(ExtensibilityGlobals) = postSolution
		SolutionGuid = {3F1DE618-20F1-4266-9EF0-E8B63AAC6EDF}
	EndGlobalSection
EndGlobal
