
Microsoft Visual Studio Solution File, Format Version 12.00
# Visual Studio 15
VisualStudioVersion = 15.0.28307.572
MinimumVisualStudioVersion = 10.0.40219.1
Project("{FAE04EC0-301F-11D3-BF4B-00C04F79EFBC}") = "MyERPSecondDevTools", "MyERPSecondDevTools\MyERPSecondDevTools.csproj", "{7E58A20A-036B-4B49-83E5-A435E53635E3}"
EndProject
Global
	GlobalSection(SolutionConfigurationPlatforms) = preSolution
		Debug|Any CPU = Debug|Any CPU
		Release|Any CPU = Release|Any CPU
	EndGlobalSection
	GlobalSection(ProjectConfigurationPlatforms) = postSolution
		{7E58A20A-036B-4B49-83E5-A435E53635E3}.Debug|Any CPU.ActiveCfg = Debug|Any CPU
		{7E58A20A-036B-4B49-83E5-A435E53635E3}.Debug|Any CPU.Build.0 = Debug|Any CPU
		{7E58A20A-036B-4B49-83E5-A435E53635E3}.Release|Any CPU.ActiveCfg = Release|Any CPU
		{7E58A20A-036B-4B49-83E5-A435E53635E3}.Release|Any CPU.Build.0 = Release|Any CPU
	EndGlobalSection
	GlobalSection(SolutionProperties) = preSolution
		HideSolutionNode = FALSE
	EndGlobalSection
	GlobalSection(ExtensibilityGlobals) = postSolution
		SolutionGuid = {3F1DE618-20F1-4266-9EF0-E8B63AAC6EDF}
	EndGlobalSection
EndGlobal
